{
  "name": "@mickey-gs/semantic",
  "version": "1.4.1",
  "lockfileVersion": 2,
  "requires": true,
  "packages": {
    "": {
      "name": "@mickey-gs/semantic",
      "version": "1.4.1",
      "license": "ISC",
      "dependencies": {
        "acorn-class-fields": "^1.0.0"
      },
      "devDependencies": {
        "@babel/parser": "^7.17.3"
      }
    },
    "node_modules/@babel/parser": {
      "version": "7.17.3",
      "resolved": "https://registry.npmjs.org/@babel/parser/-/parser-7.17.3.tgz",
      "integrity": "sha512-7yJPvPV+ESz2IUTPbOL+YkIGyCqOyNIzdguKQuJGnH7bg1WTIifuM21YqokFt/THWh1AkCRn9IgoykTRCBVpzA==",
      "dev": true,
      "bin": {
        "parser": "bin/babel-parser.js"
      },
      "engines": {
        "node": ">=6.0.0"
      }
    },
    "node_modules/acorn": {
      "version": "8.7.0",
      "resolved": "https://registry.npmjs.org/acorn/-/acorn-8.7.0.tgz",
      "integrity": "sha512-V/LGr1APy+PXIwKebEWrkZPwoeoF+w1jiOBUmuxuiUIaOHtob8Qc9BTrYo7VuI5fR8tqsy+buA2WFooR5olqvQ==",
      "peer": true,
      "bin": {
        "acorn": "bin/acorn"
      },
      "engines": {
        "node": ">=0.4.0"
      }
    },
    "node_modules/acorn-class-fields": {
      "version": "1.0.0",
      "resolved": "https://registry.npmjs.org/acorn-class-fields/-/acorn-class-fields-1.0.0.tgz",
      "integrity": "sha512-l+1FokF34AeCXGBHkrXFmml9nOIRI+2yBnBpO5MaVAaTIJ96irWLtcCxX+7hAp6USHFCe+iyyBB4ZhxV807wmA==",
      "dependencies": {
        "acorn-private-class-elements": "^1.0.0"
      },
      "engines": {
        "node": ">=4.8.2"
      },
      "peerDependencies": {
        "acorn": "^6 || ^7 || ^8"
      }
    },
    "node_modules/acorn-private-class-elements": {
      "version": "1.0.0",
      "resolved": "https://registry.npmjs.org/acorn-private-class-elements/-/acorn-private-class-elements-1.0.0.tgz",
      "integrity": "sha512-zYNcZtxKgVCg1brS39BEou86mIao1EV7eeREG+6WMwKbuYTeivRRs6S2XdWnboRde6G9wKh2w+WBydEyJsJ6mg==",
      "engines": {
        "node": ">=4.8.2"
      },
      "peerDependencies": {
        "acorn": "^6.1.0 || ^7 || ^8"
      }
    }
  },
  "dependencies": {
    "@babel/parser": {
      "version": "7.17.3",
      "resolved": "https://registry.npmjs.org/@babel/parser/-/parser-7.17.3.tgz",
      "integrity": "sha512-7yJPvPV+ESz2IUTPbOL+YkIGyCqOyNIzdguKQuJGnH7bg1WTIifuM21YqokFt/THWh1AkCRn9IgoykTRCBVpzA==",
      "dev": true
    },
    "acorn": {
      "version": "8.7.0",
      "resolved": "https://registry.npmjs.org/acorn/-/acorn-8.7.0.tgz",
      "integrity": "sha512-V/LGr1APy+PXIwKebEWrkZPwoeoF+w1jiOBUmuxuiUIaOHtob8Qc9BTrYo7VuI5fR8tqsy+buA2WFooR5olqvQ==",
      "peer": true
    },
    "acorn-class-fields": {
      "version": "1.0.0",
      "resolved": "https://registry.npmjs.org/acorn-class-fields/-/acorn-class-fields-1.0.0.tgz",
      "integrity": "sha512-l+1FokF34AeCXGBHkrXFmml9nOIRI+2yBnBpO5MaVAaTIJ96irWLtcCxX+7hAp6USHFCe+iyyBB4ZhxV807wmA==",
      "requires": {
        "acorn-private-class-elements": "^1.0.0"
      }
    },
    "acorn-private-class-elements": {
      "version": "1.0.0",
      "resolved": "https://registry.npmjs.org/acorn-private-class-elements/-/acorn-private-class-elements-1.0.0.tgz",
      "integrity": "sha512-zYNcZtxKgVCg1brS39BEou86mIao1EV7eeREG+6WMwKbuYTeivRRs6S2XdWnboRde6G9wKh2w+WBydEyJsJ6mg==",
      "requires": {}
    }
  }
}
